
Microsoft Visual Studio Solution File, Format Version 12.00
# Visual Studio 2013
VisualStudioVersion = 12.0.21005.1
MinimumVisualStudioVersion = 10.0.40219.1
Project("{FAE04EC0-301F-11D3-BF4B-00C04F79EFBC}") = "Invitation_Tutorial", "Invitation_Tutorial\Invitation_Tutorial.csproj", "{FD6F0EE9-0663-4550-8789-82C9B688880D}"
EndProject
Project("{FAE04EC0-301F-11D3-BF4B-00C04F79EFBC}") = "Invitation_Tutorial.Tests", "Invitation_Tutorial.Tests\Invitation_Tutorial.Tests.csproj", "{D81F02BB-68D6-4C48-BB5D-68A632C4A980}"
EndProject
Global
	GlobalSection(SolutionConfigurationPlatforms) = preSolution
		Debug|Any CPU = Debug|Any CPU
		Release|Any CPU = Release|Any CPU
	EndGlobalSection
	GlobalSection(ProjectConfigurationPlatforms) = postSolution
		{FD6F0EE9-0663-4550-8789-82C9B688880D}.Debug|Any CPU.ActiveCfg = Debug|Any CPU
		{FD6F0EE9-0663-4550-8789-82C9B688880D}.Debug|Any CPU.Build.0 = Debug|Any CPU
		{FD6F0EE9-0663-4550-8789-82C9B688880D}.Release|Any CPU.ActiveCfg = Release|Any CPU
		{FD6F0EE9-0663-4550-8789-82C9B688880D}.Release|Any CPU.Build.0 = Release|Any CPU
		{D81F02BB-68D6-4C48-BB5D-68A632C4A980}.Debug|Any CPU.ActiveCfg = Debug|Any CPU
		{D81F02BB-68D6-4C48-BB5D-68A632C4A980}.Debug|Any CPU.Build.0 = Debug|Any CPU
		{D81F02BB-68D6-4C48-BB5D-68A632C4A980}.Release|Any CPU.ActiveCfg = Release|Any CPU
		{D81F02BB-68D6-4C48-BB5D-68A632C4A980}.Release|Any CPU.Build.0 = Release|Any CPU
	EndGlobalSection
	GlobalSection(SolutionProperties) = preSolution
		HideSolutionNode = FALSE
	EndGlobalSection
EndGlobal
